// !$*UTF8*$!
{
	archiveVersion = 1;
	classes = {
	};
	objectVersion = 46;
	objects = {

/* Begin PBXBuildFile section */
		0C77CD52156FFECE0079A7CB /* loginController.xib in Resources */ = {isa = PBXBuildFile; fileRef = 0C77CD51156FFECE0079A7CB /* loginController.xib */; };
		0CF0B766156FDEC10035F4A9 /* UIKit.framework in Frameworks */ = {isa = PBXBuildFile; fileRef = 0CF0B765156FDEC10035F4A9 /* UIKit.framework */; };
		0CF0B768156FDEC10035F4A9 /* Foundation.framework in Frameworks */ = {isa = PBXBuildFile; fileRef = 0CF0B767156FDEC10035F4A9 /* Foundation.framework */; };
		0CF0B76A156FDEC10035F4A9 /* CoreGraphics.framework in Frameworks */ = {isa = PBXBuildFile; fileRef = 0CF0B769156FDEC10035F4A9 /* CoreGraphics.framework */; };
		0CF0B770156FDEC10035F4A9 /* InfoPlist.strings in Resources */ = {isa = PBXBuildFile; fileRef = 0CF0B76E156FDEC10035F4A9 /* InfoPlist.strings */; };
		0CF0B772156FDEC10035F4A9 /* main.m in Sources */ = {isa = PBXBuildFile; fileRef = 0CF0B771156FDEC10035F4A9 /* main.m */; };
		0CF0B776156FDEC10035F4A9 /* AppDelegate.m in Sources */ = {isa = PBXBuildFile; fileRef = 0CF0B775156FDEC10035F4A9 /* AppDelegate.m */; };
		0CF0B779156FDEC10035F4A9 /* FirstViewController.m in Sources */ = {isa = PBXBuildFile; fileRef = 0CF0B778156FDEC10035F4A9 /* FirstViewController.m */; };
		0CF0B780156FDEC10035F4A9 /* SecondViewController.m in Sources */ = {isa = PBXBuildFile; fileRef = 0CF0B77F156FDEC10035F4A9 /* SecondViewController.m */; };
		0CF0B795156FDFF40035F4A9 /* Idea.m in Sources */ = {isa = PBXBuildFile; fileRef = 0CF0B794156FDFF40035F4A9 /* Idea.m */; };
		0CF0B7AD156FE0600035F4A9 /* ASIAuthenticationDialog.m in Sources */ = {isa = PBXBuildFile; fileRef = 0CF0B79A156FE0600035F4A9 /* ASIAuthenticationDialog.m */; };
		0CF0B7AE156FE0600035F4A9 /* ASIDataCompressor.m in Sources */ = {isa = PBXBuildFile; fileRef = 0CF0B79D156FE0600035F4A9 /* ASIDataCompressor.m */; };
		0CF0B7AF156FE0600035F4A9 /* ASIDataDecompressor.m in Sources */ = {isa = PBXBuildFile; fileRef = 0CF0B79F156FE0600035F4A9 /* ASIDataDecompressor.m */; };
		0CF0B7B0156FE0600035F4A9 /* ASIDownloadCache.m in Sources */ = {isa = PBXBuildFile; fileRef = 0CF0B7A1156FE0600035F4A9 /* ASIDownloadCache.m */; };
		0CF0B7B1156FE0600035F4A9 /* ASIFormDataRequest.m in Sources */ = {isa = PBXBuildFile; fileRef = 0CF0B7A3156FE0600035F4A9 /* ASIFormDataRequest.m */; };
		0CF0B7B2156FE0600035F4A9 /* ASIHTTPRequest.m in Sources */ = {isa = PBXBuildFile; fileRef = 0CF0B7A5156FE0600035F4A9 /* ASIHTTPRequest.m */; };
		0CF0B7B3156FE0600035F4A9 /* ASIInputStream.m in Sources */ = {isa = PBXBuildFile; fileRef = 0CF0B7A9156FE0600035F4A9 /* ASIInputStream.m */; };
		0CF0B7B4156FE0600035F4A9 /* ASINetworkQueue.m in Sources */ = {isa = PBXBuildFile; fileRef = 0CF0B7AB156FE0600035F4A9 /* ASINetworkQueue.m */; };
		0CF0B7D1156FE0C40035F4A9 /* loginController.m in Sources */ = {isa = PBXBuildFile; fileRef = 0CF0B7CF156FE0C40035F4A9 /* loginController.m */; };
		0CF0B7D6156FE0D90035F4A9 /* Reachability.m in Sources */ = {isa = PBXBuildFile; fileRef = 0CF0B7D5156FE0D80035F4A9 /* Reachability.m */; };
		0CF0B7D8156FE9680035F4A9 /* CFNetwork.framework in Frameworks */ = {isa = PBXBuildFile; fileRef = 0CF0B7D7156FE9680035F4A9 /* CFNetwork.framework */; };
		0CF0B7DA156FE9770035F4A9 /* SystemConfiguration.framework in Frameworks */ = {isa = PBXBuildFile; fileRef = 0CF0B7D9156FE9770035F4A9 /* SystemConfiguration.framework */; };
		0CF0B7DC156FE9A00035F4A9 /* MobileCoreServices.framework in Frameworks */ = {isa = PBXBuildFile; fileRef = 0CF0B7DB156FE9A00035F4A9 /* MobileCoreServices.framework */; };
		0CF0B7DE156FE9BC0035F4A9 /* libz.dylib in Frameworks */ = {isa = PBXBuildFile; fileRef = 0CF0B7DD156FE9BC0035F4A9 /* libz.dylib */; };
		927C5234156FF5BC0004B0DD /* SBJsonParser.m in Sources */ = {isa = PBXBuildFile; fileRef = 0CF0B7B9156FE0990035F4A9 /* SBJsonParser.m */; };
		927C5235156FF5BC0004B0DD /* SBJsonStreamParser.m in Sources */ = {isa = PBXBuildFile; fileRef = 0CF0B7BB156FE0990035F4A9 /* SBJsonStreamParser.m */; };
		927C5236156FF5BC0004B0DD /* SBJsonStreamParserAccumulator.m in Sources */ = {isa = PBXBuildFile; fileRef = 0CF0B7BD156FE0990035F4A9 /* SBJsonStreamParserAccumulator.m */; };
		927C5237156FF5BC0004B0DD /* SBJsonStreamParserAdapter.m in Sources */ = {isa = PBXBuildFile; fileRef = 0CF0B7BF156FE0990035F4A9 /* SBJsonStreamParserAdapter.m */; };
		927C5238156FF5BC0004B0DD /* SBJsonStreamParserState.m in Sources */ = {isa = PBXBuildFile; fileRef = 0CF0B7C1156FE0990035F4A9 /* SBJsonStreamParserState.m */; };
		927C5239156FF5BC0004B0DD /* SBJsonStreamWriter.m in Sources */ = {isa = PBXBuildFile; fileRef = 0CF0B7C3156FE0990035F4A9 /* SBJsonStreamWriter.m */; };
		927C523A156FF5BC0004B0DD /* SBJsonStreamWriterAccumulator.m in Sources */ = {isa = PBXBuildFile; fileRef = 0CF0B7C5156FE0990035F4A9 /* SBJsonStreamWriterAccumulator.m */; };
		927C523B156FF5BC0004B0DD /* SBJsonStreamWriterState.m in Sources */ = {isa = PBXBuildFile; fileRef = 0CF0B7C7156FE0990035F4A9 /* SBJsonStreamWriterState.m */; };
		927C523C156FF5BC0004B0DD /* SBJsonTokeniser.m in Sources */ = {isa = PBXBuildFile; fileRef = 0CF0B7C9156FE0990035F4A9 /* SBJsonTokeniser.m */; };
		927C523D156FF5BC0004B0DD /* SBJsonUTF8Stream.m in Sources */ = {isa = PBXBuildFile; fileRef = 0CF0B7CB156FE0990035F4A9 /* SBJsonUTF8Stream.m */; };
		927C523E156FF5BC0004B0DD /* SBJsonWriter.m in Sources */ = {isa = PBXBuildFile; fileRef = 0CF0B7CD156FE0990035F4A9 /* SBJsonWriter.m */; };
		927C523F156FF5BC0004B0DD /* NSObject+SBJson.m in Sources */ = {isa = PBXBuildFile; fileRef = 0CF0B7B6156FE0880035F4A9 /* NSObject+SBJson.m */; };
		9284AE0415701C8700D6F234 /* first.png in Resources */ = {isa = PBXBuildFile; fileRef = 9284ADFD15701C8700D6F234 /* first.png */; };
		9284AE0515701C8700D6F234 /* first@2x.png in Resources */ = {isa = PBXBuildFile; fileRef = 9284ADFE15701C8700D6F234 /* first@2x.png */; };
		9284AE0615701C8700D6F234 /* icon.png in Resources */ = {isa = PBXBuildFile; fileRef = 9284ADFF15701C8700D6F234 /* icon.png */; };
		9284AE0715701C8700D6F234 /* icon@2x.png in Resources */ = {isa = PBXBuildFile; fileRef = 9284AE0015701C8700D6F234 /* icon@2x.png */; };
		9284AE0815701C8700D6F234 /* logo.jpeg in Resources */ = {isa = PBXBuildFile; fileRef = 9284AE0115701C8700D6F234 /* logo.jpeg */; };
		9284AE0915701C8700D6F234 /* second.png in Resources */ = {isa = PBXBuildFile; fileRef = 9284AE0215701C8700D6F234 /* second.png */; };
		9284AE0A15701C8700D6F234 /* second@2x.png in Resources */ = {isa = PBXBuildFile; fileRef = 9284AE0315701C8700D6F234 /* second@2x.png */; };
		92E7CC9B15701EFD00996AE3 /* FirstViewController.xib in Resources */ = {isa = PBXBuildFile; fileRef = 92E7CC9A15701EFD00996AE3 /* FirstViewController.xib */; };
		92E7CC9D15701F1000996AE3 /* SecondViewController.xib in Resources */ = {isa = PBXBuildFile; fileRef = 92E7CC9C15701F1000996AE3 /* SecondViewController.xib */; };
		92E7CC9E15701F4E00996AE3 /* IdeaDetailsViewController.m in Sources */ = {isa = PBXBuildFile; fileRef = 9284AE0C15701C9500D6F234 /* IdeaDetailsViewController.m */; };
/* End PBXBuildFile section */

/* Begin PBXFileReference section */
		0C77CD51156FFECE0079A7CB /* loginController.xib */ = {isa = PBXFileReference; fileEncoding = 4; lastKnownFileType = file.xib; path = loginController.xib; sourceTree = "<group>"; };
		0CF0B761156FDEC10035F4A9 /* 10ideas.app */ = {isa = PBXFileReference; explicitFileType = wrapper.application; includeInIndex = 0; path = 10ideas.app; sourceTree = BUILT_PRODUCTS_DIR; };
		0CF0B765156FDEC10035F4A9 /* UIKit.framework */ = {isa = PBXFileReference; lastKnownFileType = wrapper.framework; name = UIKit.framework; path = System/Library/Frameworks/UIKit.framework; sourceTree = SDKROOT; };
		0CF0B767156FDEC10035F4A9 /* Foundation.framework */ = {isa = PBXFileReference; lastKnownFileType = wrapper.framework; name = Foundation.framework; path = System/Library/Frameworks/Foundation.framework; sourceTree = SDKROOT; };
		0CF0B769156FDEC10035F4A9 /* CoreGraphics.framework */ = {isa = PBXFileReference; lastKnownFileType = wrapper.framework; name = CoreGraphics.framework; path = System/Library/Frameworks/CoreGraphics.framework; sourceTree = SDKROOT; };
		0CF0B76D156FDEC10035F4A9 /* 10ideas-Info.plist */ = {isa = PBXFileReference; lastKnownFileType = text.plist.xml; path = "10ideas-Info.plist"; sourceTree = "<group>"; };
		0CF0B76F156FDEC10035F4A9 /* en */ = {isa = PBXFileReference; lastKnownFileType = text.plist.strings; name = en; path = en.lproj/InfoPlist.strings; sourceTree = "<group>"; };
		0CF0B771156FDEC10035F4A9 /* main.m */ = {isa = PBXFileReference; lastKnownFileType = sourcecode.c.objc; path = main.m; sourceTree = "<group>"; };
		0CF0B773156FDEC10035F4A9 /* 10ideas-Prefix.pch */ = {isa = PBXFileReference; lastKnownFileType = sourcecode.c.h; path = "10ideas-Prefix.pch"; sourceTree = "<group>"; };
		0CF0B774156FDEC10035F4A9 /* AppDelegate.h */ = {isa = PBXFileReference; lastKnownFileType = sourcecode.c.h; path = AppDelegate.h; sourceTree = "<group>"; };
		0CF0B775156FDEC10035F4A9 /* AppDelegate.m */ = {isa = PBXFileReference; lastKnownFileType = sourcecode.c.objc; path = AppDelegate.m; sourceTree = "<group>"; };
		0CF0B777156FDEC10035F4A9 /* FirstViewController.h */ = {isa = PBXFileReference; lastKnownFileType = sourcecode.c.h; path = FirstViewController.h; sourceTree = "<group>"; };
		0CF0B778156FDEC10035F4A9 /* FirstViewController.m */ = {isa = PBXFileReference; lastKnownFileType = sourcecode.c.objc; path = FirstViewController.m; sourceTree = "<group>"; };
		0CF0B77E156FDEC10035F4A9 /* SecondViewController.h */ = {isa = PBXFileReference; lastKnownFileType = sourcecode.c.h; path = SecondViewController.h; sourceTree = "<group>"; };
		0CF0B77F156FDEC10035F4A9 /* SecondViewController.m */ = {isa = PBXFileReference; lastKnownFileType = sourcecode.c.objc; path = SecondViewController.m; sourceTree = "<group>"; };
		0CF0B793156FDFED0035F4A9 /* Idea.h */ = {isa = PBXFileReference; fileEncoding = 4; lastKnownFileType = sourcecode.c.h; path = Idea.h; sourceTree = "<group>"; };
		0CF0B794156FDFF40035F4A9 /* Idea.m */ = {isa = PBXFileReference; fileEncoding = 4; lastKnownFileType = sourcecode.c.objc; path = Idea.m; sourceTree = "<group>"; };
		0CF0B799156FE0600035F4A9 /* ASIAuthenticationDialog.h */ = {isa = PBXFileReference; fileEncoding = 4; lastKnownFileType = sourcecode.c.h; path = ASIAuthenticationDialog.h; sourceTree = "<group>"; };
		0CF0B79A156FE0600035F4A9 /* ASIAuthenticationDialog.m */ = {isa = PBXFileReference; fileEncoding = 4; lastKnownFileType = sourcecode.c.objc; path = ASIAuthenticationDialog.m; sourceTree = "<group>"; };
		0CF0B79B156FE0600035F4A9 /* ASICacheDelegate.h */ = {isa = PBXFileReference; fileEncoding = 4; lastKnownFileType = sourcecode.c.h; path = ASICacheDelegate.h; sourceTree = "<group>"; };
		0CF0B79C156FE0600035F4A9 /* ASIDataCompressor.h */ = {isa = PBXFileReference; fileEncoding = 4; lastKnownFileType = sourcecode.c.h; path = ASIDataCompressor.h; sourceTree = "<group>"; };
		0CF0B79D156FE0600035F4A9 /* ASIDataCompressor.m */ = {isa = PBXFileReference; fileEncoding = 4; lastKnownFileType = sourcecode.c.objc; path = ASIDataCompressor.m; sourceTree = "<group>"; };
		0CF0B79E156FE0600035F4A9 /* ASIDataDecompressor.h */ = {isa = PBXFileReference; fileEncoding = 4; lastKnownFileType = sourcecode.c.h; path = ASIDataDecompressor.h; sourceTree = "<group>"; };
		0CF0B79F156FE0600035F4A9 /* ASIDataDecompressor.m */ = {isa = PBXFileReference; fileEncoding = 4; lastKnownFileType = sourcecode.c.objc; path = ASIDataDecompressor.m; sourceTree = "<group>"; };
		0CF0B7A0156FE0600035F4A9 /* ASIDownloadCache.h */ = {isa = PBXFileReference; fileEncoding = 4; lastKnownFileType = sourcecode.c.h; path = ASIDownloadCache.h; sourceTree = "<group>"; };
		0CF0B7A1156FE0600035F4A9 /* ASIDownloadCache.m */ = {isa = PBXFileReference; fileEncoding = 4; lastKnownFileType = sourcecode.c.objc; path = ASIDownloadCache.m; sourceTree = "<group>"; };
		0CF0B7A2156FE0600035F4A9 /* ASIFormDataRequest.h */ = {isa = PBXFileReference; fileEncoding = 4; lastKnownFileType = sourcecode.c.h; path = ASIFormDataRequest.h; sourceTree = "<group>"; };
		0CF0B7A3156FE0600035F4A9 /* ASIFormDataRequest.m */ = {isa = PBXFileReference; fileEncoding = 4; lastKnownFileType = sourcecode.c.objc; path = ASIFormDataRequest.m; sourceTree = "<group>"; };
		0CF0B7A4156FE0600035F4A9 /* ASIHTTPRequest.h */ = {isa = PBXFileReference; fileEncoding = 4; lastKnownFileType = sourcecode.c.h; path = ASIHTTPRequest.h; sourceTree = "<group>"; };
		0CF0B7A5156FE0600035F4A9 /* ASIHTTPRequest.m */ = {isa = PBXFileReference; fileEncoding = 4; lastKnownFileType = sourcecode.c.objc; path = ASIHTTPRequest.m; sourceTree = "<group>"; };
		0CF0B7A6156FE0600035F4A9 /* ASIHTTPRequestConfig.h */ = {isa = PBXFileReference; fileEncoding = 4; lastKnownFileType = sourcecode.c.h; path = ASIHTTPRequestConfig.h; sourceTree = "<group>"; };
		0CF0B7A7156FE0600035F4A9 /* ASIHTTPRequestDelegate.h */ = {isa = PBXFileReference; fileEncoding = 4; lastKnownFileType = sourcecode.c.h; path = ASIHTTPRequestDelegate.h; sourceTree = "<group>"; };
		0CF0B7A8156FE0600035F4A9 /* ASIInputStream.h */ = {isa = PBXFileReference; fileEncoding = 4; lastKnownFileType = sourcecode.c.h; path = ASIInputStream.h; sourceTree = "<group>"; };
		0CF0B7A9156FE0600035F4A9 /* ASIInputStream.m */ = {isa = PBXFileReference; fileEncoding = 4; lastKnownFileType = sourcecode.c.objc; path = ASIInputStream.m; sourceTree = "<group>"; };
		0CF0B7AA156FE0600035F4A9 /* ASINetworkQueue.h */ = {isa = PBXFileReference; fileEncoding = 4; lastKnownFileType = sourcecode.c.h; path = ASINetworkQueue.h; sourceTree = "<group>"; };
		0CF0B7AB156FE0600035F4A9 /* ASINetworkQueue.m */ = {isa = PBXFileReference; fileEncoding = 4; lastKnownFileType = sourcecode.c.objc; path = ASINetworkQueue.m; sourceTree = "<group>"; };
		0CF0B7AC156FE0600035F4A9 /* ASIProgressDelegate.h */ = {isa = PBXFileReference; fileEncoding = 4; lastKnownFileType = sourcecode.c.h; path = ASIProgressDelegate.h; sourceTree = "<group>"; };
		0CF0B7B5156FE0880035F4A9 /* NSObject+SBJson.h */ = {isa = PBXFileReference; lastKnownFileType = sourcecode.c.h; path = "NSObject+SBJson.h"; sourceTree = "<group>"; };
		0CF0B7B6156FE0880035F4A9 /* NSObject+SBJson.m */ = {isa = PBXFileReference; lastKnownFileType = sourcecode.c.objc; path = "NSObject+SBJson.m"; sourceTree = "<group>"; };
		0CF0B7B7156FE0990035F4A9 /* SBJson.h */ = {isa = PBXFileReference; lastKnownFileType = sourcecode.c.h; path = SBJson.h; sourceTree = "<group>"; };
		0CF0B7B8156FE0990035F4A9 /* SBJsonParser.h */ = {isa = PBXFileReference; lastKnownFileType = sourcecode.c.h; path = SBJsonParser.h; sourceTree = "<group>"; };
		0CF0B7B9156FE0990035F4A9 /* SBJsonParser.m */ = {isa = PBXFileReference; lastKnownFileType = sourcecode.c.objc; path = SBJsonParser.m; sourceTree = "<group>"; };
		0CF0B7BA156FE0990035F4A9 /* SBJsonStreamParser.h */ = {isa = PBXFileReference; lastKnownFileType = sourcecode.c.h; path = SBJsonStreamParser.h; sourceTree = "<group>"; };
		0CF0B7BB156FE0990035F4A9 /* SBJsonStreamParser.m */ = {isa = PBXFileReference; lastKnownFileType = sourcecode.c.objc; path = SBJsonStreamParser.m; sourceTree = "<group>"; };
		0CF0B7BC156FE0990035F4A9 /* SBJsonStreamParserAccumulator.h */ = {isa = PBXFileReference; lastKnownFileType = sourcecode.c.h; path = SBJsonStreamParserAccumulator.h; sourceTree = "<group>"; };
		0CF0B7BD156FE0990035F4A9 /* SBJsonStreamParserAccumulator.m */ = {isa = PBXFileReference; lastKnownFileType = sourcecode.c.objc; path = SBJsonStreamParserAccumulator.m; sourceTree = "<group>"; };
		0CF0B7BE156FE0990035F4A9 /* SBJsonStreamParserAdapter.h */ = {isa = PBXFileReference; lastKnownFileType = sourcecode.c.h; path = SBJsonStreamParserAdapter.h; sourceTree = "<group>"; };
		0CF0B7BF156FE0990035F4A9 /* SBJsonStreamParserAdapter.m */ = {isa = PBXFileReference; lastKnownFileType = sourcecode.c.objc; path = SBJsonStreamParserAdapter.m; sourceTree = "<group>"; };
		0CF0B7C0156FE0990035F4A9 /* SBJsonStreamParserState.h */ = {isa = PBXFileReference; lastKnownFileType = sourcecode.c.h; path = SBJsonStreamParserState.h; sourceTree = "<group>"; };
		0CF0B7C1156FE0990035F4A9 /* SBJsonStreamParserState.m */ = {isa = PBXFileReference; lastKnownFileType = sourcecode.c.objc; path = SBJsonStreamParserState.m; sourceTree = "<group>"; };
		0CF0B7C2156FE0990035F4A9 /* SBJsonStreamWriter.h */ = {isa = PBXFileReference; lastKnownFileType = sourcecode.c.h; path = SBJsonStreamWriter.h; sourceTree = "<group>"; };
		0CF0B7C3156FE0990035F4A9 /* SBJsonStreamWriter.m */ = {isa = PBXFileReference; lastKnownFileType = sourcecode.c.objc; path = SBJsonStreamWriter.m; sourceTree = "<group>"; };
		0CF0B7C4156FE0990035F4A9 /* SBJsonStreamWriterAccumulator.h */ = {isa = PBXFileReference; lastKnownFileType = sourcecode.c.h; path = SBJsonStreamWriterAccumulator.h; sourceTree = "<group>"; };
		0CF0B7C5156FE0990035F4A9 /* SBJsonStreamWriterAccumulator.m */ = {isa = PBXFileReference; lastKnownFileType = sourcecode.c.objc; path = SBJsonStreamWriterAccumulator.m; sourceTree = "<group>"; };
		0CF0B7C6156FE0990035F4A9 /* SBJsonStreamWriterState.h */ = {isa = PBXFileReference; lastKnownFileType = sourcecode.c.h; path = SBJsonStreamWriterState.h; sourceTree = "<group>"; };
		0CF0B7C7156FE0990035F4A9 /* SBJsonStreamWriterState.m */ = {isa = PBXFileReference; lastKnownFileType = sourcecode.c.objc; path = SBJsonStreamWriterState.m; sourceTree = "<group>"; };
		0CF0B7C8156FE0990035F4A9 /* SBJsonTokeniser.h */ = {isa = PBXFileReference; lastKnownFileType = sourcecode.c.h; path = SBJsonTokeniser.h; sourceTree = "<group>"; };
		0CF0B7C9156FE0990035F4A9 /* SBJsonTokeniser.m */ = {isa = PBXFileReference; lastKnownFileType = sourcecode.c.objc; path = SBJsonTokeniser.m; sourceTree = "<group>"; };
		0CF0B7CA156FE0990035F4A9 /* SBJsonUTF8Stream.h */ = {isa = PBXFileReference; lastKnownFileType = sourcecode.c.h; path = SBJsonUTF8Stream.h; sourceTree = "<group>"; };
		0CF0B7CB156FE0990035F4A9 /* SBJsonUTF8Stream.m */ = {isa = PBXFileReference; lastKnownFileType = sourcecode.c.objc; path = SBJsonUTF8Stream.m; sourceTree = "<group>"; };
		0CF0B7CC156FE0990035F4A9 /* SBJsonWriter.h */ = {isa = PBXFileReference; lastKnownFileType = sourcecode.c.h; path = SBJsonWriter.h; sourceTree = "<group>"; };
		0CF0B7CD156FE0990035F4A9 /* SBJsonWriter.m */ = {isa = PBXFileReference; lastKnownFileType = sourcecode.c.objc; path = SBJsonWriter.m; sourceTree = "<group>"; };
		0CF0B7CE156FE0C40035F4A9 /* loginController.h */ = {isa = PBXFileReference; fileEncoding = 4; lastKnownFileType = sourcecode.c.h; path = loginController.h; sourceTree = "<group>"; };
		0CF0B7CF156FE0C40035F4A9 /* loginController.m */ = {isa = PBXFileReference; fileEncoding = 4; lastKnownFileType = sourcecode.c.objc; path = loginController.m; sourceTree = "<group>"; };
		0CF0B7D4156FE0D80035F4A9 /* Reachability.h */ = {isa = PBXFileReference; fileEncoding = 4; lastKnownFileType = sourcecode.c.h; path = Reachability.h; sourceTree = "<group>"; };
		0CF0B7D5156FE0D80035F4A9 /* Reachability.m */ = {isa = PBXFileReference; fileEncoding = 4; lastKnownFileType = sourcecode.c.objc; path = Reachability.m; sourceTree = "<group>"; };
		0CF0B7D7156FE9680035F4A9 /* CFNetwork.framework */ = {isa = PBXFileReference; lastKnownFileType = wrapper.framework; name = CFNetwork.framework; path = System/Library/Frameworks/CFNetwork.framework; sourceTree = SDKROOT; };
		0CF0B7D9156FE9770035F4A9 /* SystemConfiguration.framework */ = {isa = PBXFileReference; lastKnownFileType = wrapper.framework; name = SystemConfiguration.framework; path = System/Library/Frameworks/SystemConfiguration.framework; sourceTree = SDKROOT; };
		0CF0B7DB156FE9A00035F4A9 /* MobileCoreServices.framework */ = {isa = PBXFileReference; lastKnownFileType = wrapper.framework; name = MobileCoreServices.framework; path = System/Library/Frameworks/MobileCoreServices.framework; sourceTree = SDKROOT; };
		0CF0B7DD156FE9BC0035F4A9 /* libz.dylib */ = {isa = PBXFileReference; lastKnownFileType = "compiled.mach-o.dylib"; name = libz.dylib; path = usr/lib/libz.dylib; sourceTree = SDKROOT; };
		0CF0B7DF156FEBAF0035F4A9 /* Globals.h */ = {isa = PBXFileReference; fileEncoding = 4; lastKnownFileType = sourcecode.c.h; path = Globals.h; sourceTree = "<group>"; };
		9284ADFD15701C8700D6F234 /* first.png */ = {isa = PBXFileReference; lastKnownFileType = image.png; path = first.png; sourceTree = "<group>"; };
		9284ADFE15701C8700D6F234 /* first@2x.png */ = {isa = PBXFileReference; lastKnownFileType = image.png; path = "first@2x.png"; sourceTree = "<group>"; };
		9284ADFF15701C8700D6F234 /* icon.png */ = {isa = PBXFileReference; lastKnownFileType = image.png; path = icon.png; sourceTree = "<group>"; };
		9284AE0015701C8700D6F234 /* icon@2x.png */ = {isa = PBXFileReference; lastKnownFileType = image.png; path = "icon@2x.png"; sourceTree = "<group>"; };
		9284AE0115701C8700D6F234 /* logo.jpeg */ = {isa = PBXFileReference; lastKnownFileType = image.jpeg; path = logo.jpeg; sourceTree = "<group>"; };
		9284AE0215701C8700D6F234 /* second.png */ = {isa = PBXFileReference; lastKnownFileType = image.png; path = second.png; sourceTree = "<group>"; };
		9284AE0315701C8700D6F234 /* second@2x.png */ = {isa = PBXFileReference; lastKnownFileType = image.png; path = "second@2x.png"; sourceTree = "<group>"; };
		9284AE0B15701C9500D6F234 /* IdeaDetailsViewController.h */ = {isa = PBXFileReference; lastKnownFileType = sourcecode.c.h; path = IdeaDetailsViewController.h; sourceTree = "<group>"; };
		9284AE0C15701C9500D6F234 /* IdeaDetailsViewController.m */ = {isa = PBXFileReference; lastKnownFileType = sourcecode.c.objc; path = IdeaDetailsViewController.m; sourceTree = "<group>"; };
		9284AE0D15701C9500D6F234 /* IdeaDetailsViewController.xib */ = {isa = PBXFileReference; lastKnownFileType = file.xib; path = IdeaDetailsViewController.xib; sourceTree = "<group>"; };
		92E7CC9A15701EFD00996AE3 /* FirstViewController.xib */ = {isa = PBXFileReference; fileEncoding = 4; lastKnownFileType = file.xib; path = FirstViewController.xib; sourceTree = "<group>"; };
		92E7CC9C15701F1000996AE3 /* SecondViewController.xib */ = {isa = PBXFileReference; fileEncoding = 4; lastKnownFileType = file.xib; path = SecondViewController.xib; sourceTree = "<group>"; };
/* End PBXFileReference section */

/* Begin PBXFrameworksBuildPhase section */
		0CF0B75E156FDEC10035F4A9 /* Frameworks */ = {
			isa = PBXFrameworksBuildPhase;
			buildActionMask = 2147483647;
			files = (
				0CF0B7DE156FE9BC0035F4A9 /* libz.dylib in Frameworks */,
				0CF0B7DC156FE9A00035F4A9 /* MobileCoreServices.framework in Frameworks */,
				0CF0B7DA156FE9770035F4A9 /* SystemConfiguration.framework in Frameworks */,
				0CF0B7D8156FE9680035F4A9 /* CFNetwork.framework in Frameworks */,
				0CF0B766156FDEC10035F4A9 /* UIKit.framework in Frameworks */,
				0CF0B768156FDEC10035F4A9 /* Foundation.framework in Frameworks */,
				0CF0B76A156FDEC10035F4A9 /* CoreGraphics.framework in Frameworks */,
			);
			runOnlyForDeploymentPostprocessing = 0;
		};
/* End PBXFrameworksBuildPhase section */

/* Begin PBXGroup section */
		0CF0B756156FDEC10035F4A9 = {
			isa = PBXGroup;
			children = (
				0CF0B7DD156FE9BC0035F4A9 /* libz.dylib */,
				0CF0B76B156FDEC10035F4A9 /* 10ideas */,
				0CF0B764156FDEC10035F4A9 /* Frameworks */,
				0CF0B762156FDEC10035F4A9 /* Products */,
			);
			sourceTree = "<group>";
		};
		0CF0B762156FDEC10035F4A9 /* Products */ = {
			isa = PBXGroup;
			children = (
				0CF0B761156FDEC10035F4A9 /* 10ideas.app */,
			);
			name = Products;
			sourceTree = "<group>";
		};
		0CF0B764156FDEC10035F4A9 /* Frameworks */ = {
			isa = PBXGroup;
			children = (
				0CF0B7DB156FE9A00035F4A9 /* MobileCoreServices.framework */,
				0CF0B7D9156FE9770035F4A9 /* SystemConfiguration.framework */,
				0CF0B7D7156FE9680035F4A9 /* CFNetwork.framework */,
				0CF0B765156FDEC10035F4A9 /* UIKit.framework */,
				0CF0B767156FDEC10035F4A9 /* Foundation.framework */,
				0CF0B769156FDEC10035F4A9 /* CoreGraphics.framework */,
			);
			name = Frameworks;
			sourceTree = "<group>";
		};
		0CF0B76B156FDEC10035F4A9 /* 10ideas */ = {
			isa = PBXGroup;
			children = (
				0CF0B797156FE0310035F4A9 /* images */,
				0CF0B774156FDEC10035F4A9 /* AppDelegate.h */,
				0CF0B775156FDEC10035F4A9 /* AppDelegate.m */,
				0CF0B796156FDFFE0035F4A9 /* controllers */,
				0CF0B791156FDF600035F4A9 /* utils */,
				0CF0B790156FDF580035F4A9 /* models */,
				0CF0B76C156FDEC10035F4A9 /* Supporting Files */,
			);
			path = 10ideas;
			sourceTree = "<group>";
		};
		0CF0B76C156FDEC10035F4A9 /* Supporting Files */ = {
			isa = PBXGroup;
			children = (
				0CF0B76D156FDEC10035F4A9 /* 10ideas-Info.plist */,
				0CF0B76E156FDEC10035F4A9 /* InfoPlist.strings */,
				0CF0B771156FDEC10035F4A9 /* main.m */,
				0CF0B773156FDEC10035F4A9 /* 10ideas-Prefix.pch */,
				0CF0B7DF156FEBAF0035F4A9 /* Globals.h */,
			);
			name = "Supporting Files";
			sourceTree = "<group>";
		};
		0CF0B790156FDF580035F4A9 /* models */ = {
			isa = PBXGroup;
			children = (
				0CF0B793156FDFED0035F4A9 /* Idea.h */,
				0CF0B794156FDFF40035F4A9 /* Idea.m */,
			);
			name = models;
			sourceTree = "<group>";
		};
		0CF0B791156FDF600035F4A9 /* utils */ = {
			isa = PBXGroup;
			children = (
				0CF0B7D3156FE0D80035F4A9 /* Reachability */,
				0CF0B798156FE0500035F4A9 /* SBJSON */,
				0CF0B792156FDF6B0035F4A9 /* ashttprequest */,
			);
			name = utils;
			sourceTree = "<group>";
		};
		0CF0B792156FDF6B0035F4A9 /* ashttprequest */ = {
			isa = PBXGroup;
			children = (
				0CF0B799156FE0600035F4A9 /* ASIAuthenticationDialog.h */,
				0CF0B79A156FE0600035F4A9 /* ASIAuthenticationDialog.m */,
				0CF0B79B156FE0600035F4A9 /* ASICacheDelegate.h */,
				0CF0B79C156FE0600035F4A9 /* ASIDataCompressor.h */,
				0CF0B79D156FE0600035F4A9 /* ASIDataCompressor.m */,
				0CF0B79E156FE0600035F4A9 /* ASIDataDecompressor.h */,
				0CF0B79F156FE0600035F4A9 /* ASIDataDecompressor.m */,
				0CF0B7A0156FE0600035F4A9 /* ASIDownloadCache.h */,
				0CF0B7A1156FE0600035F4A9 /* ASIDownloadCache.m */,
				0CF0B7A2156FE0600035F4A9 /* ASIFormDataRequest.h */,
				0CF0B7A3156FE0600035F4A9 /* ASIFormDataRequest.m */,
				0CF0B7A4156FE0600035F4A9 /* ASIHTTPRequest.h */,
				0CF0B7A5156FE0600035F4A9 /* ASIHTTPRequest.m */,
				0CF0B7A6156FE0600035F4A9 /* ASIHTTPRequestConfig.h */,
				0CF0B7A7156FE0600035F4A9 /* ASIHTTPRequestDelegate.h */,
				0CF0B7A8156FE0600035F4A9 /* ASIInputStream.h */,
				0CF0B7A9156FE0600035F4A9 /* ASIInputStream.m */,
				0CF0B7AA156FE0600035F4A9 /* ASINetworkQueue.h */,
				0CF0B7AB156FE0600035F4A9 /* ASINetworkQueue.m */,
				0CF0B7AC156FE0600035F4A9 /* ASIProgressDelegate.h */,
			);
			name = ashttprequest;
			sourceTree = "<group>";
		};
		0CF0B796156FDFFE0035F4A9 /* controllers */ = {
			isa = PBXGroup;
			children = (
				0CF0B7CE156FE0C40035F4A9 /* loginController.h */,
				0CF0B7CF156FE0C40035F4A9 /* loginController.m */,
				0C77CD51156FFECE0079A7CB /* loginController.xib */,
				0CF0B77E156FDEC10035F4A9 /* SecondViewController.h */,
				0CF0B77F156FDEC10035F4A9 /* SecondViewController.m */,
				92E7CC9C15701F1000996AE3 /* SecondViewController.xib */,
				0CF0B777156FDEC10035F4A9 /* FirstViewController.h */,
				0CF0B778156FDEC10035F4A9 /* FirstViewController.m */,
				92E7CC9A15701EFD00996AE3 /* FirstViewController.xib */,
				9284AE0B15701C9500D6F234 /* IdeaDetailsViewController.h */,
				9284AE0C15701C9500D6F234 /* IdeaDetailsViewController.m */,
				9284AE0D15701C9500D6F234 /* IdeaDetailsViewController.xib */,
			);
			name = controllers;
			sourceTree = "<group>";
		};
		0CF0B797156FE0310035F4A9 /* images */ = {
			isa = PBXGroup;
			children = (
				9284ADFD15701C8700D6F234 /* first.png */,
				9284ADFE15701C8700D6F234 /* first@2x.png */,
				9284ADFF15701C8700D6F234 /* icon.png */,
				9284AE0015701C8700D6F234 /* icon@2x.png */,
				9284AE0115701C8700D6F234 /* logo.jpeg */,
				9284AE0215701C8700D6F234 /* second.png */,
				9284AE0315701C8700D6F234 /* second@2x.png */,
			);
			name = images;
			sourceTree = "<group>";
		};
		0CF0B798156FE0500035F4A9 /* SBJSON */ = {
			isa = PBXGroup;
			children = (
				0CF0B7B7156FE0990035F4A9 /* SBJson.h */,
				0CF0B7B8156FE0990035F4A9 /* SBJsonParser.h */,
				0CF0B7B9156FE0990035F4A9 /* SBJsonParser.m */,
				0CF0B7BA156FE0990035F4A9 /* SBJsonStreamParser.h */,
				0CF0B7BB156FE0990035F4A9 /* SBJsonStreamParser.m */,
				0CF0B7BC156FE0990035F4A9 /* SBJsonStreamParserAccumulator.h */,
				0CF0B7BD156FE0990035F4A9 /* SBJsonStreamParserAccumulator.m */,
				0CF0B7BE156FE0990035F4A9 /* SBJsonStreamParserAdapter.h */,
				0CF0B7BF156FE0990035F4A9 /* SBJsonStreamParserAdapter.m */,
				0CF0B7C0156FE0990035F4A9 /* SBJsonStreamParserState.h */,
				0CF0B7C1156FE0990035F4A9 /* SBJsonStreamParserState.m */,
				0CF0B7C2156FE0990035F4A9 /* SBJsonStreamWriter.h */,
				0CF0B7C3156FE0990035F4A9 /* SBJsonStreamWriter.m */,
				0CF0B7C4156FE0990035F4A9 /* SBJsonStreamWriterAccumulator.h */,
				0CF0B7C5156FE0990035F4A9 /* SBJsonStreamWriterAccumulator.m */,
				0CF0B7C6156FE0990035F4A9 /* SBJsonStreamWriterState.h */,
				0CF0B7C7156FE0990035F4A9 /* SBJsonStreamWriterState.m */,
				0CF0B7C8156FE0990035F4A9 /* SBJsonTokeniser.h */,
				0CF0B7C9156FE0990035F4A9 /* SBJsonTokeniser.m */,
				0CF0B7CA156FE0990035F4A9 /* SBJsonUTF8Stream.h */,
				0CF0B7CB156FE0990035F4A9 /* SBJsonUTF8Stream.m */,
				0CF0B7CC156FE0990035F4A9 /* SBJsonWriter.h */,
				0CF0B7CD156FE0990035F4A9 /* SBJsonWriter.m */,
				0CF0B7B5156FE0880035F4A9 /* NSObject+SBJson.h */,
				0CF0B7B6156FE0880035F4A9 /* NSObject+SBJson.m */,
			);
			name = SBJSON;
			sourceTree = "<group>";
		};
		0CF0B7D3156FE0D80035F4A9 /* Reachability */ = {
			isa = PBXGroup;
			children = (
				0CF0B7D4156FE0D80035F4A9 /* Reachability.h */,
				0CF0B7D5156FE0D80035F4A9 /* Reachability.m */,
			);
			path = Reachability;
			sourceTree = "<group>";
		};
/* End PBXGroup section */

/* Begin PBXNativeTarget section */
		0CF0B760156FDEC10035F4A9 /* 10ideas */ = {
			isa = PBXNativeTarget;
			buildConfigurationList = 0CF0B78D156FDEC10035F4A9 /* Build configuration list for PBXNativeTarget "10ideas" */;
			buildPhases = (
				0CF0B75D156FDEC10035F4A9 /* Sources */,
				0CF0B75E156FDEC10035F4A9 /* Frameworks */,
				0CF0B75F156FDEC10035F4A9 /* Resources */,
			);
			buildRules = (
			);
			dependencies = (
			);
			name = 10ideas;
			productName = 10ideas;
			productReference = 0CF0B761156FDEC10035F4A9 /* 10ideas.app */;
			productType = "com.apple.product-type.application";
		};
/* End PBXNativeTarget section */

/* Begin PBXProject section */
		0CF0B758156FDEC10035F4A9 /* Project object */ = {
			isa = PBXProject;
			attributes = {
				LastUpgradeCheck = 0430;
			};
			buildConfigurationList = 0CF0B75B156FDEC10035F4A9 /* Build configuration list for PBXProject "10ideas" */;
			compatibilityVersion = "Xcode 3.2";
			developmentRegion = English;
			hasScannedForEncodings = 0;
			knownRegions = (
				en,
			);
			mainGroup = 0CF0B756156FDEC10035F4A9;
			productRefGroup = 0CF0B762156FDEC10035F4A9 /* Products */;
			projectDirPath = "";
			projectRoot = "";
			targets = (
				0CF0B760156FDEC10035F4A9 /* 10ideas */,
			);
		};
/* End PBXProject section */

/* Begin PBXResourcesBuildPhase section */
		0CF0B75F156FDEC10035F4A9 /* Resources */ = {
			isa = PBXResourcesBuildPhase;
			buildActionMask = 2147483647;
			files = (
				0CF0B770156FDEC10035F4A9 /* InfoPlist.strings in Resources */,
				0C77CD52156FFECE0079A7CB /* loginController.xib in Resources */,
				9284AE0415701C8700D6F234 /* first.png in Resources */,
				9284AE0515701C8700D6F234 /* first@2x.png in Resources */,
				9284AE0615701C8700D6F234 /* icon.png in Resources */,
				9284AE0715701C8700D6F234 /* icon@2x.png in Resources */,
				9284AE0815701C8700D6F234 /* logo.jpeg in Resources */,
				9284AE0915701C8700D6F234 /* second.png in Resources */,
				9284AE0A15701C8700D6F234 /* second@2x.png in Resources */,
				92E7CC9B15701EFD00996AE3 /* FirstViewController.xib in Resources */,
				92E7CC9D15701F1000996AE3 /* SecondViewController.xib in Resources */,
			);
			runOnlyForDeploymentPostprocessing = 0;
		};
/* End PBXResourcesBuildPhase section */

/* Begin PBXSourcesBuildPhase section */
		0CF0B75D156FDEC10035F4A9 /* Sources */ = {
			isa = PBXSourcesBuildPhase;
			buildActionMask = 2147483647;
			files = (
				92E7CC9E15701F4E00996AE3 /* IdeaDetailsViewController.m in Sources */,
				927C5234156FF5BC0004B0DD /* SBJsonParser.m in Sources */,
				927C5235156FF5BC0004B0DD /* SBJsonStreamParser.m in Sources */,
				927C5236156FF5BC0004B0DD /* SBJsonStreamParserAccumulator.m in Sources */,
				927C5237156FF5BC0004B0DD /* SBJsonStreamParserAdapter.m in Sources */,
				927C5238156FF5BC0004B0DD /* SBJsonStreamParserState.m in Sources */,
				927C5239156FF5BC0004B0DD /* SBJsonStreamWriter.m in Sources */,
				927C523A156FF5BC0004B0DD /* SBJsonStreamWriterAccumulator.m in Sources */,
				927C523B156FF5BC0004B0DD /* SBJsonStreamWriterState.m in Sources */,
				927C523C156FF5BC0004B0DD /* SBJsonTokeniser.m in Sources */,
				927C523D156FF5BC0004B0DD /* SBJsonUTF8Stream.m in Sources */,
				927C523E156FF5BC0004B0DD /* SBJsonWriter.m in Sources */,
				927C523F156FF5BC0004B0DD /* NSObject+SBJson.m in Sources */,
				0CF0B772156FDEC10035F4A9 /* main.m in Sources */,
				0CF0B776156FDEC10035F4A9 /* AppDelegate.m in Sources */,
				0CF0B779156FDEC10035F4A9 /* FirstViewController.m in Sources */,
				0CF0B780156FDEC10035F4A9 /* SecondViewController.m in Sources */,
				0CF0B795156FDFF40035F4A9 /* Idea.m in Sources */,
				0CF0B7AD156FE0600035F4A9 /* ASIAuthenticationDialog.m in Sources */,
				0CF0B7AE156FE0600035F4A9 /* ASIDataCompressor.m in Sources */,
				0CF0B7AF156FE0600035F4A9 /* ASIDataDecompressor.m in Sources */,
				0CF0B7B0156FE0600035F4A9 /* ASIDownloadCache.m in Sources */,
				0CF0B7B1156FE0600035F4A9 /* ASIFormDataRequest.m in Sources */,
				0CF0B7B2156FE0600035F4A9 /* ASIHTTPRequest.m in Sources */,
				0CF0B7B3156FE0600035F4A9 /* ASIInputStream.m in Sources */,
				0CF0B7B4156FE0600035F4A9 /* ASINetworkQueue.m in Sources */,
				0CF0B7D1156FE0C40035F4A9 /* loginController.m in Sources */,
				0CF0B7D6156FE0D90035F4A9 /* Reachability.m in Sources */,
			);
			runOnlyForDeploymentPostprocessing = 0;
		};
/* End PBXSourcesBuildPhase section */

/* Begin PBXVariantGroup section */
		0CF0B76E156FDEC10035F4A9 /* InfoPlist.strings */ = {
			isa = PBXVariantGroup;
			children = (
				0CF0B76F156FDEC10035F4A9 /* en */,
			);
			name = InfoPlist.strings;
			sourceTree = "<group>";
		};
/* End PBXVariantGroup section */

/* Begin XCBuildConfiguration section */
		0CF0B78B156FDEC10035F4A9 /* Debug */ = {
			isa = XCBuildConfiguration;
			buildSettings = {
				ALWAYS_SEARCH_USER_PATHS = NO;
				ARCHS = "$(ARCHS_STANDARD_32_BIT)";
				"CODE_SIGN_IDENTITY[sdk=iphoneos*]" = "iPhone Developer";
				COPY_PHASE_STRIP = NO;
				GCC_C_LANGUAGE_STANDARD = gnu99;
				GCC_DYNAMIC_NO_PIC = NO;
				GCC_OPTIMIZATION_LEVEL = 0;
				GCC_PREPROCESSOR_DEFINITIONS = (
					"DEBUG=1",
					"$(inherited)",
				);
				GCC_SYMBOLS_PRIVATE_EXTERN = NO;
				GCC_VERSION = com.apple.compilers.llvm.clang.1_0;
				GCC_WARN_ABOUT_RETURN_TYPE = YES;
				GCC_WARN_UNINITIALIZED_AUTOS = YES;
				GCC_WARN_UNUSED_VARIABLE = YES;
				IPHONEOS_DEPLOYMENT_TARGET = 4.0;
				SDKROOT = iphoneos;
			};
			name = Debug;
		};
		0CF0B78C156FDEC10035F4A9 /* Release */ = {
			isa = XCBuildConfiguration;
			buildSettings = {
				ALWAYS_SEARCH_USER_PATHS = NO;
				ARCHS = "$(ARCHS_STANDARD_32_BIT)";
				"CODE_SIGN_IDENTITY[sdk=iphoneos*]" = "iPhone Developer";
				COPY_PHASE_STRIP = YES;
				GCC_C_LANGUAGE_STANDARD = gnu99;
				GCC_VERSION = com.apple.compilers.llvm.clang.1_0;
				GCC_WARN_ABOUT_RETURN_TYPE = YES;
				GCC_WARN_UNINITIALIZED_AUTOS = YES;
				GCC_WARN_UNUSED_VARIABLE = YES;
				IPHONEOS_DEPLOYMENT_TARGET = 4.0;
				OTHER_CFLAGS = "-DNS_BLOCK_ASSERTIONS=1";
				SDKROOT = iphoneos;
				VALIDATE_PRODUCT = YES;
			};
			name = Release;
		};
		0CF0B78E156FDEC10035F4A9 /* Debug */ = {
			isa = XCBuildConfiguration;
			buildSettings = {
				GCC_PRECOMPILE_PREFIX_HEADER = YES;
				GCC_PREFIX_HEADER = "10ideas/10ideas-Prefix.pch";
				INFOPLIST_FILE = "10ideas/10ideas-Info.plist";
				OTHER_LDFLAGS = (
					"-ObjC",
					"-all_load",
				);
				PRODUCT_NAME = "$(TARGET_NAME)";
				WRAPPER_EXTENSION = app;
			};
			name = Debug;
		};
		0CF0B78F156FDEC10035F4A9 /* Release */ = {
			isa = XCBuildConfiguration;
			buildSettings = {
				GCC_PRECOMPILE_PREFIX_HEADER = YES;
				GCC_PREFIX_HEADER = "10ideas/10ideas-Prefix.pch";
				INFOPLIST_FILE = "10ideas/10ideas-Info.plist";
				OTHER_LDFLAGS = (
					"-ObjC",
					"-all_load",
				);
				PRODUCT_NAME = "$(TARGET_NAME)";
				WRAPPER_EXTENSION = app;
			};
			name = Release;
		};
/* End XCBuildConfiguration section */

/* Begin XCConfigurationList section */
		0CF0B75B156FDEC10035F4A9 /* Build configuration list for PBXProject "10ideas" */ = {
			isa = XCConfigurationList;
			buildConfigurations = (
				0CF0B78B156FDEC10035F4A9 /* Debug */,
				0CF0B78C156FDEC10035F4A9 /* Release */,
			);
			defaultConfigurationIsVisible = 0;
			defaultConfigurationName = Debug;
		};
		0CF0B78D156FDEC10035F4A9 /* Build configuration list for PBXNativeTarget "10ideas" */ = {
			isa = XCConfigurationList;
			buildConfigurations = (
				0CF0B78E156FDEC10035F4A9 /* Debug */,
				0CF0B78F156FDEC10035F4A9 /* Release */,
			);
			defaultConfigurationIsVisible = 0;
			defaultConfigurationName = Debug;
		};
/* End XCConfigurationList section */
	};
	rootObject = 0CF0B758156FDEC10035F4A9 /* Project object */;
}
